# This file is automatically @generated by Poetry 1.5.1 and should not be changed by hand.

[[package]]
name = "anyio"
version = "3.7.1"
description = "High level compatibility layer for multiple asynchronous event loop implementations"
optional = false
python-versions = ">=3.7"
files = [
    {file = "anyio-3.7.1-py3-none-any.whl", hash = "sha256:91dee416e570e92c64041bd18b900d1d6fa78dff7048769ce5ac5ddad004fbb5"},
    {file = "anyio-3.7.1.tar.gz", hash = "sha256:44a3c9aba0f5defa43261a8b3efb97891f2bd7d804e0e1f56419befa1adfc780"},
]

[package.dependencies]
exceptiongroup = {version = "*", markers = "python_version < \"3.11\""}
idna = ">=2.8"
sniffio = ">=1.1"

[package.extras]
doc = ["Sphinx", "packaging", "sphinx-autodoc-typehints (>=1.2.0)", "sphinx-rtd-theme (>=1.2.2)", "sphinxcontrib-jquery"]
test = ["anyio[trio]", "coverage[toml] (>=4.5)", "hypothesis (>=4.0)", "mock (>=4)", "psutil (>=5.9)", "pytest (>=7.0)", "pytest-mock (>=3.6.1)", "trustme", "uvloop (>=0.17)"]
trio = ["trio (<0.22)"]

[[package]]
name = "atproto"
version = "0.0.17"
description = "The AT Protocol SDK"
optional = false
python-versions = ">=3.7,<3.12"
files = [
    {file = "atproto-0.0.17-py3-none-any.whl", hash = "sha256:03d10d15574345e764d5dd3b64f4fe11a5029a3fc9954746d6a297c6e545be4a"},
    {file = "atproto-0.0.17.tar.gz", hash = "sha256:7523b7771c2d2452766765ba7e49a121d624d3308492b5394295fc19fa242511"},
]

[package.dependencies]
anyio = ">=3.0,<5.0"
click = ">=8.1.3,<8.2.0"
dacite = ">=1.8.0,<1.9.0"
dag-cbor = ">=0.3.2,<0.4.0"
httpcore = ">=0.17.3,<0.18.0"
httpx = ">=0.24.0,<0.25.0"
multiformats = ">=0.2.1,<0.3.0"
pyjwt = ">=2.7.0,<2.8.0"
typing-extensions = ">=4.5.0,<4.6.0"
wsproto = ">=1.2.0,<1.3.0"

[[package]]
name = "bases"
version = "0.2.1"
description = "Python library for general Base-N encodings."
optional = false
python-versions = ">=3.7"
files = [
    {file = "bases-0.2.1-py3-none-any.whl", hash = "sha256:d030b5e349773ad2a067bfaaf3a9794b70d23a1f923033c15c2e0ce869854f6d"},
    {file = "bases-0.2.1.tar.gz", hash = "sha256:b0999e14725b59bff38974b00e918629e0e29f3d80a40e022c6f0f8d5cdff9d4"},
]

[package.dependencies]
typing-extensions = "*"
typing-validation = "*"

[package.extras]
dev = ["base58", "mypy", "pylint", "pytest", "pytest-cov"]

[[package]]
name = "certifi"
version = "2023.5.7"
description = "Python package for providing Mozilla's CA Bundle."
optional = false
python-versions = ">=3.6"
files = [
    {file = "certifi-2023.5.7-py3-none-any.whl", hash = "sha256:c6c2e98f5c7869efca1f8916fed228dd91539f9f1b444c314c06eef02980c716"},
    {file = "certifi-2023.5.7.tar.gz", hash = "sha256:0f0d56dc5a6ad56fd4ba36484d6cc34451e1c6548c61daad8c320169f91eddc7"},
]

[[package]]
name = "click"
version = "8.1.5"
description = "Composable command line interface toolkit"
optional = false
python-versions = ">=3.7"
files = [
    {file = "click-8.1.5-py3-none-any.whl", hash = "sha256:e576aa487d679441d7d30abb87e1b43d24fc53bffb8758443b1a9e1cee504548"},
    {file = "click-8.1.5.tar.gz", hash = "sha256:4be4b1af8d665c6d942909916d31a213a106800c47d0eeba73d34da3cbc11367"},
]

[package.dependencies]
colorama = {version = "*", markers = "platform_system == \"Windows\""}

[[package]]
name = "colorama"
version = "0.4.6"
description = "Cross-platform colored terminal text."
optional = false
python-versions = "!=3.0.*,!=3.1.*,!=3.2.*,!=3.3.*,!=3.4.*,!=3.5.*,!=3.6.*,>=2.7"
files = [
    {file = "colorama-0.4.6-py2.py3-none-any.whl", hash = "sha256:4f1d9991f5acc0ca119f9d443620b77f9d6b33703e51011c16baf57afb285fc6"},
    {file = "colorama-0.4.6.tar.gz", hash = "sha256:08695f5cb7ed6e0531a20572697297273c47b8cae5a63ffc6d6ed5c201be6e44"},
]

[[package]]
name = "dacite"
version = "1.8.1"
description = "Simple creation of data classes from dictionaries."
optional = false
python-versions = ">=3.6"
files = [
    {file = "dacite-1.8.1-py3-none-any.whl", hash = "sha256:cc31ad6fdea1f49962ea42db9421772afe01ac5442380d9a99fcf3d188c61afe"},
]

[package.extras]
dev = ["black", "coveralls", "mypy", "pre-commit", "pylint", "pytest (>=5)", "pytest-benchmark", "pytest-cov"]

[[package]]
name = "dag-cbor"
version = "0.3.2"
description = "Python implementation of the DAG-CBOR codec."
optional = false
python-versions = ">=3.7"
files = [
    {file = "dag-cbor-0.3.2.tar.gz", hash = "sha256:d113050d6f5cb6c1a324c911684c5daa305425702585573269bef3000aa9f106"},
    {file = "dag_cbor-0.3.2-py3-none-any.whl", hash = "sha256:c78030379f385b90498711d7613af5bdb4155d5a7623211cea2b20441d5794b4"},
]

[package.dependencies]
multiformats = "*"
typing-extensions = "*"
typing-validation = "*"

[[package]]
name = "exceptiongroup"
version = "1.1.2"
description = "Backport of PEP 654 (exception groups)"
optional = false
python-versions = ">=3.7"
files = [
    {file = "exceptiongroup-1.1.2-py3-none-any.whl", hash = "sha256:e346e69d186172ca7cf029c8c1d16235aa0e04035e5750b4b95039e65204328f"},
    {file = "exceptiongroup-1.1.2.tar.gz", hash = "sha256:12c3e887d6485d16943a309616de20ae5582633e0a2eda17f4e10fd61c1e8af5"},
]

[package.extras]
test = ["pytest (>=6)"]

[[package]]
name = "h11"
version = "0.14.0"
description = "A pure-Python, bring-your-own-I/O implementation of HTTP/1.1"
optional = false
python-versions = ">=3.7"
files = [
    {file = "h11-0.14.0-py3-none-any.whl", hash = "sha256:e3fe4ac4b851c468cc8363d500db52c2ead036020723024a109d37346efaa761"},
    {file = "h11-0.14.0.tar.gz", hash = "sha256:8f19fbbe99e72420ff35c00b27a34cb9937e902a8b810e2c88300c6f0a3b699d"},
]

[[package]]
name = "httpcore"
version = "0.17.3"
description = "A minimal low-level HTTP client."
optional = false
python-versions = ">=3.7"
files = [
    {file = "httpcore-0.17.3-py3-none-any.whl", hash = "sha256:c2789b767ddddfa2a5782e3199b2b7f6894540b17b16ec26b2c4d8e103510b87"},
    {file = "httpcore-0.17.3.tar.gz", hash = "sha256:a6f30213335e34c1ade7be6ec7c47f19f50c56db36abef1a9dfa3815b1cb3888"},
]

[package.dependencies]
anyio = ">=3.0,<5.0"
certifi = "*"
h11 = ">=0.13,<0.15"
sniffio = "==1.*"

[package.extras]
http2 = ["h2 (>=3,<5)"]
socks = ["socksio (==1.*)"]

[[package]]
name = "httpx"
version = "0.24.1"
description = "The next generation HTTP client."
optional = false
python-versions = ">=3.7"
files = [
    {file = "httpx-0.24.1-py3-none-any.whl", hash = "sha256:06781eb9ac53cde990577af654bd990a4949de37a28bdb4a230d434f3a30b9bd"},
    {file = "httpx-0.24.1.tar.gz", hash = "sha256:5853a43053df830c20f8110c5e69fe44d035d850b2dfe795e196f00fdb774bdd"},
]

[package.dependencies]
certifi = "*"
httpcore = ">=0.15.0,<0.18.0"
idna = "*"
sniffio = "*"

[package.extras]
brotli = ["brotli", "brotlicffi"]
cli = ["click (==8.*)", "pygments (==2.*)", "rich (>=10,<14)"]
http2 = ["h2 (>=3,<5)"]
socks = ["socksio (==1.*)"]

[[package]]
name = "idna"
version = "3.4"
description = "Internationalized Domain Names in Applications (IDNA)"
optional = false
python-versions = ">=3.5"
files = [
    {file = "idna-3.4-py3-none-any.whl", hash = "sha256:90b77e79eaa3eba6de819a0c442c0b4ceefc341a7a2ab77d7562bf49f425c5c2"},
    {file = "idna-3.4.tar.gz", hash = "sha256:814f528e8dead7d329833b91c5faa87d60bf71824cd12a7530b5526063d02cb4"},
]

[[package]]
name = "multiformats"
version = "0.2.1"
description = "Python implementation of multiformats protocols."
optional = false
python-versions = ">=3.7"
files = [
    {file = "multiformats-0.2.1-py3-none-any.whl", hash = "sha256:0655fad05cff4cb9eaae3a0f61c4cf8189857fef5a5d0ade6aa25d6b8439e204"},
    {file = "multiformats-0.2.1.tar.gz", hash = "sha256:4aee6eb5289c3cd00315e3f2b97e36b60db6af9bcec91d65f32d7155942dbef9"},
]

[package.dependencies]
bases = "*"
multiformats-config = "*"
typing-extensions = "*"
typing-validation = "*"

[package.extras]
dev = ["blake3", "mmh3", "mypy", "pycryptodomex", "pylint", "pysha3", "pyskein", "pytest", "pytest-cov"]
full = ["blake3", "mmh3", "pycryptodomex", "pysha3", "pyskein"]

[[package]]
name = "multiformats-config"
version = "0.2.0.post4"
description = "Pre-loading configuration module for the 'multiformats' package."
optional = false
python-versions = ">=3.7"
files = [
    {file = "multiformats-config-0.2.0.post4.tar.gz", hash = "sha256:3b5d0be63211681edbcf887abe149fc17b43a79d0c009fb44232af9addf7a309"},
    {file = "multiformats_config-0.2.0.post4-py3-none-any.whl", hash = "sha256:221a630732f7bb2cd6cb708b94a85da683e29618e4a2055eea1bf4f980feefce"},
]

[package.dependencies]
multiformats = "*"

[package.extras]
dev = ["mypy", "pylint", "pytest", "pytest-cov"]

[[package]]
name = "pyjwt"
version = "2.7.0"
description = "JSON Web Token implementation in Python"
optional = false
python-versions = ">=3.7"
files = [
    {file = "PyJWT-2.7.0-py3-none-any.whl", hash = "sha256:ba2b425b15ad5ef12f200dc67dd56af4e26de2331f965c5439994dad075876e1"},
    {file = "PyJWT-2.7.0.tar.gz", hash = "sha256:bd6ca4a3c4285c1a2d4349e5a035fdf8fb94e04ccd0fcbe6ba289dae9cc3e074"},
]

[package.extras]
crypto = ["cryptography (>=3.4.0)"]
dev = ["coverage[toml] (==5.0.4)", "cryptography (>=3.4.0)", "pre-commit", "pytest (>=6.0.0,<7.0.0)", "sphinx (>=4.5.0,<5.0.0)", "sphinx-rtd-theme", "zope.interface"]
docs = ["sphinx (>=4.5.0,<5.0.0)", "sphinx-rtd-theme", "zope.interface"]
tests = ["coverage[toml] (==5.0.4)", "pytest (>=6.0.0,<7.0.0)"]

[[package]]
name = "python-dotenv"
version = "1.0.0"
description = "Read key-value pairs from a .env file and set them as environment variables"
optional = false
python-versions = ">=3.8"
files = [
    {file = "python-dotenv-1.0.0.tar.gz", hash = "sha256:a8df96034aae6d2d50a4ebe8216326c61c3eb64836776504fcca410e5937a3ba"},
    {file = "python_dotenv-1.0.0-py3-none-any.whl", hash = "sha256:f5971a9226b701070a4bf2c38c89e5a3f0d64de8debda981d1db98583009122a"},
]

[package.extras]
cli = ["click (>=5.0)"]

[[package]]
name = "sniffio"
version = "1.3.0"
description = "Sniff out which async library your code is running under"
optional = false
python-versions = ">=3.7"
files = [
    {file = "sniffio-1.3.0-py3-none-any.whl", hash = "sha256:eecefdce1e5bbfb7ad2eeaabf7c1eeb404d7757c379bd1f7e5cce9d8bf425384"},
    {file = "sniffio-1.3.0.tar.gz", hash = "sha256:e60305c5e5d314f5389259b7f22aaa33d8f7dee49763119234af3755c55b9101"},
]

[[package]]
name = "typing-extensions"
version = "4.5.0"
description = "Backported and Experimental Type Hints for Python 3.7+"
optional = false
python-versions = ">=3.7"
files = [
    {file = "typing_extensions-4.5.0-py3-none-any.whl", hash = "sha256:fb33085c39dd998ac16d1431ebc293a8b3eedd00fd4a32de0ff79002c19511b4"},
    {file = "typing_extensions-4.5.0.tar.gz", hash = "sha256:5cb5f4a79139d699607b3ef622a1dedafa84e115ab0024e0d9c044a9479ca7cb"},
]

[[package]]
name = "typing-validation"
version = "1.0.0.post2"
description = "A simple library for runtime type-checking."
optional = false
python-versions = ">=3.7"
files = [
    {file = "typing-validation-1.0.0.post2.tar.gz", hash = "sha256:6a30dec74373f9dca29db6f79ef65eb765a6934c09d87639cf422288933b2aa4"},
    {file = "typing_validation-1.0.0.post2-py3-none-any.whl", hash = "sha256:c9f5cb42435ee59fcf5a1a69dc88ccd5dc6f904436e61b5b8c276906a1c9e454"},
]

[package.extras]
dev = ["mypy", "pylint", "pytest", "pytest-cov", "rich"]

[[package]]
name = "wsproto"
version = "1.2.0"
description = "WebSockets state-machine based protocol implementation"
optional = false
python-versions = ">=3.7.0"
files = [
    {file = "wsproto-1.2.0-py3-none-any.whl", hash = "sha256:b9acddd652b585d75b20477888c56642fdade28bdfd3579aa24a4d2c037dd736"},
    {file = "wsproto-1.2.0.tar.gz", hash = "sha256:ad565f26ecb92588a3e43bc3d96164de84cd9902482b130d0ddbaa9664a85065"},
]

[package.dependencies]
h11 = ">=0.9.0,<1"

[metadata]
lock-version = "2.0"
python-versions = "^3.8,<3.12"
content-hash = "8715bb416dcb04b6c125365ea18dc8be1d4a5d90f547403bd5661f087145afd7"
